
Microsoft Visual Studio Solution File, Format Version 12.00
# Visual Studio Version 16
VisualStudioVersion = 16.0.29409.12
MinimumVisualStudioVersion = 10.0.40219.1
Project("{9A19103F-16F7-4668-BE54-9A1E7A4F7556}") = "LY.Report.Core", "LY.Report.Core\LY.Report.Core.csproj", "{6F47A41A-085E-4422-BB73-5A2CBAA07D9F}"
EndProject
Project("{9A19103F-16F7-4668-BE54-9A1E7A4F7556}") = "LY.Report.Core.Model", "LY.Report.Core.Model\LY.Report.Core.Model.csproj", "{E725F0A1-0B03-406F-B84B-0F486C6137FC}"
EndProject
Project("{9A19103F-16F7-4668-BE54-9A1E7A4F7556}") = "LY.Report.Core.Repository", "LY.Report.Core.Repository\LY.Report.Core.Repository.csproj", "{8D651E7F-49D3-4D27-8486-ADCF000BB24D}"
EndProject
Project("{9A19103F-16F7-4668-BE54-9A1E7A4F7556}") = "LY.Report.Core.Service", "LY.Report.Core.Services\LY.Report.Core.Service.csproj", "{A2EFEFFC-39AD-48D2-8337-E6840B26023B}"
EndProject
Project("{9A19103F-16F7-4668-BE54-9A1E7A4F7556}") = "LY.Report.Core.Common", "LY.Report.Core.Common\LY.Report.Core.Common.csproj", "{97D32A49-994C-44C5-A167-51E71D173B6F}"
EndProject
Project("{9A19103F-16F7-4668-BE54-9A1E7A4F7556}") = "LY.Report.Core.Tests", "LY.Report.Core.Tests\LY.Report.Core.Tests.csproj", "{69A9CD28-39CE-415E-8150-A4A876E708FD}"
EndProject
Project("{2150E333-8FDC-42A3-9474-1A3956D46DE8}") = "Entity", "Entity", "{E3CCBD7B-4C47-4880-BF15-74AE7356FCB2}"
EndProject
Project("{2150E333-8FDC-42A3-9474-1A3956D46DE8}") = "Util", "Util", "{8168608C-C1D7-4C47-885C-15F1124ECE83}"
EndProject
Project("{2150E333-8FDC-42A3-9474-1A3956D46DE8}") = "Test", "Test", "{D222EF92-A1AB-47B7-85BF-475E2B8ED50D}"
EndProject
Project("{2150E333-8FDC-42A3-9474-1A3956D46DE8}") = "Service", "Service", "{1C0F533D-EF44-4AA3-9A14-ED627F2E7355}"
EndProject
Project("{2150E333-8FDC-42A3-9474-1A3956D46DE8}") = "UI", "UI", "{3BEB5E54-BEA7-40D7-A4DE-FFABC1E9838F}"
EndProject
Project("{9A19103F-16F7-4668-BE54-9A1E7A4F7556}") = "LY.Report.Core.Util", "LY.Report.Core.Util\LY.Report.Core.Util.csproj", "{B345591A-DDCB-4D30-92B3-C92D5EB8EE41}"
EndProject
Project("{9A19103F-16F7-4668-BE54-9A1E7A4F7556}") = "LY.UnifiedAuth.Util.Api.Core", "LY.UnifiedAuth.Util.Api.Core\LY.UnifiedAuth.Util.Api.Core.csproj", "{EB41A07D-2389-46A2-9DC0-02D5C1AA52CD}"
EndProject
Project("{9A19103F-16F7-4668-BE54-9A1E7A4F7556}") = "LY.Report.Core.CacheRepository", "LY.Report.Core.CacheRepository\LY.Report.Core.CacheRepository.csproj", "{BAAC29D5-C3AC-4C11-AA11-421649EB0700}"
EndProject
Project("{9A19103F-16F7-4668-BE54-9A1E7A4F7556}") = "LY.Report.Core.Business", "LY.Report.Core.Business\LY.Report.Core.Business.csproj", "{F052C31F-1617-4D4E-91F1-2884672FC173}"
EndProject
Project("{9A19103F-16F7-4668-BE54-9A1E7A4F7556}") = "LY.Report.Core.LYApiUtil", "LY.Report.Core.LYApiUtil\LY.Report.Core.LYApiUtil.csproj", "{B3855974-FA12-4821-86AE-5A97963FD894}"
EndProject
Project("{FAE04EC0-301F-11D3-BF4B-00C04F79EFBC}") = "LY.Mq.Message", "LY.Mq.Message\LY.Mq.Message.csproj", "{9E3EE0CB-8AAF-40E0-99AE-914B16C80D34}"
EndProject
Global
	GlobalSection(SolutionConfigurationPlatforms) = preSolution
		Debug|Any CPU = Debug|Any CPU
		Release|Any CPU = Release|Any CPU
	EndGlobalSection
	GlobalSection(ProjectConfigurationPlatforms) = postSolution
		{6F47A41A-085E-4422-BB73-5A2CBAA07D9F}.Debug|Any CPU.ActiveCfg = Debug|Any CPU
		{6F47A41A-085E-4422-BB73-5A2CBAA07D9F}.Debug|Any CPU.Build.0 = Debug|Any CPU
		{6F47A41A-085E-4422-BB73-5A2CBAA07D9F}.Release|Any CPU.ActiveCfg = Release|Any CPU
		{6F47A41A-085E-4422-BB73-5A2CBAA07D9F}.Release|Any CPU.Build.0 = Release|Any CPU
		{E725F0A1-0B03-406F-B84B-0F486C6137FC}.Debug|Any CPU.ActiveCfg = Debug|Any CPU
		{E725F0A1-0B03-406F-B84B-0F486C6137FC}.Debug|Any CPU.Build.0 = Debug|Any CPU
		{E725F0A1-0B03-406F-B84B-0F486C6137FC}.Release|Any CPU.ActiveCfg = Release|Any CPU
		{E725F0A1-0B03-406F-B84B-0F486C6137FC}.Release|Any CPU.Build.0 = Release|Any CPU
		{8D651E7F-49D3-4D27-8486-ADCF000BB24D}.Debug|Any CPU.ActiveCfg = Debug|Any CPU
		{8D651E7F-49D3-4D27-8486-ADCF000BB24D}.Debug|Any CPU.Build.0 = Debug|Any CPU
		{8D651E7F-49D3-4D27-8486-ADCF000BB24D}.Release|Any CPU.ActiveCfg = Release|Any CPU
		{8D651E7F-49D3-4D27-8486-ADCF000BB24D}.Release|Any CPU.Build.0 = Release|Any CPU
		{A2EFEFFC-39AD-48D2-8337-E6840B26023B}.Debug|Any CPU.ActiveCfg = Debug|Any CPU
		{A2EFEFFC-39AD-48D2-8337-E6840B26023B}.Debug|Any CPU.Build.0 = Debug|Any CPU
		{A2EFEFFC-39AD-48D2-8337-E6840B26023B}.Release|Any CPU.ActiveCfg = Release|Any CPU
		{A2EFEFFC-39AD-48D2-8337-E6840B26023B}.Release|Any CPU.Build.0 = Release|Any CPU
		{97D32A49-994C-44C5-A167-51E71D173B6F}.Debug|Any CPU.ActiveCfg = Debug|Any CPU
		{97D32A49-994C-44C5-A167-51E71D173B6F}.Debug|Any CPU.Build.0 = Debug|Any CPU
		{97D32A49-994C-44C5-A167-51E71D173B6F}.Release|Any CPU.ActiveCfg = Release|Any CPU
		{97D32A49-994C-44C5-A167-51E71D173B6F}.Release|Any CPU.Build.0 = Release|Any CPU
		{69A9CD28-39CE-415E-8150-A4A876E708FD}.Debug|Any CPU.ActiveCfg = Debug|Any CPU
		{69A9CD28-39CE-415E-8150-A4A876E708FD}.Debug|Any CPU.Build.0 = Debug|Any CPU
		{69A9CD28-39CE-415E-8150-A4A876E708FD}.Release|Any CPU.ActiveCfg = Release|Any CPU
		{69A9CD28-39CE-415E-8150-A4A876E708FD}.Release|Any CPU.Build.0 = Release|Any CPU
		{B345591A-DDCB-4D30-92B3-C92D5EB8EE41}.Debug|Any CPU.ActiveCfg = Debug|Any CPU
		{B345591A-DDCB-4D30-92B3-C92D5EB8EE41}.Debug|Any CPU.Build.0 = Debug|Any CPU
		{B345591A-DDCB-4D30-92B3-C92D5EB8EE41}.Release|Any CPU.ActiveCfg = Release|Any CPU
		{B345591A-DDCB-4D30-92B3-C92D5EB8EE41}.Release|Any CPU.Build.0 = Release|Any CPU
		{EB41A07D-2389-46A2-9DC0-02D5C1AA52CD}.Debug|Any CPU.ActiveCfg = Debug|Any CPU
		{EB41A07D-2389-46A2-9DC0-02D5C1AA52CD}.Debug|Any CPU.Build.0 = Debug|Any CPU
		{EB41A07D-2389-46A2-9DC0-02D5C1AA52CD}.Release|Any CPU.ActiveCfg = Release|Any CPU
		{EB41A07D-2389-46A2-9DC0-02D5C1AA52CD}.Release|Any CPU.Build.0 = Release|Any CPU
		{BAAC29D5-C3AC-4C11-AA11-421649EB0700}.Debug|Any CPU.ActiveCfg = Debug|Any CPU
		{BAAC29D5-C3AC-4C11-AA11-421649EB0700}.Debug|Any CPU.Build.0 = Debug|Any CPU
		{BAAC29D5-C3AC-4C11-AA11-421649EB0700}.Release|Any CPU.ActiveCfg = Release|Any CPU
		{BAAC29D5-C3AC-4C11-AA11-421649EB0700}.Release|Any CPU.Build.0 = Release|Any CPU
		{F052C31F-1617-4D4E-91F1-2884672FC173}.Debug|Any CPU.ActiveCfg = Debug|Any CPU
		{F052C31F-1617-4D4E-91F1-2884672FC173}.Debug|Any CPU.Build.0 = Debug|Any CPU
		{F052C31F-1617-4D4E-91F1-2884672FC173}.Release|Any CPU.ActiveCfg = Release|Any CPU
		{F052C31F-1617-4D4E-91F1-2884672FC173}.Release|Any CPU.Build.0 = Release|Any CPU
		{B3855974-FA12-4821-86AE-5A97963FD894}.Debug|Any CPU.ActiveCfg = Debug|Any CPU
		{B3855974-FA12-4821-86AE-5A97963FD894}.Debug|Any CPU.Build.0 = Debug|Any CPU
		{B3855974-FA12-4821-86AE-5A97963FD894}.Release|Any CPU.ActiveCfg = Release|Any CPU
		{B3855974-FA12-4821-86AE-5A97963FD894}.Release|Any CPU.Build.0 = Release|Any CPU
		{9E3EE0CB-8AAF-40E0-99AE-914B16C80D34}.Debug|Any CPU.ActiveCfg = Debug|Any CPU
		{9E3EE0CB-8AAF-40E0-99AE-914B16C80D34}.Debug|Any CPU.Build.0 = Debug|Any CPU
		{9E3EE0CB-8AAF-40E0-99AE-914B16C80D34}.Release|Any CPU.ActiveCfg = Release|Any CPU
		{9E3EE0CB-8AAF-40E0-99AE-914B16C80D34}.Release|Any CPU.Build.0 = Release|Any CPU
	EndGlobalSection
	GlobalSection(SolutionProperties) = preSolution
		HideSolutionNode = FALSE
	EndGlobalSection
	GlobalSection(NestedProjects) = preSolution
		{6F47A41A-085E-4422-BB73-5A2CBAA07D9F} = {3BEB5E54-BEA7-40D7-A4DE-FFABC1E9838F}
		{E725F0A1-0B03-406F-B84B-0F486C6137FC} = {E3CCBD7B-4C47-4880-BF15-74AE7356FCB2}
		{8D651E7F-49D3-4D27-8486-ADCF000BB24D} = {1C0F533D-EF44-4AA3-9A14-ED627F2E7355}
		{A2EFEFFC-39AD-48D2-8337-E6840B26023B} = {1C0F533D-EF44-4AA3-9A14-ED627F2E7355}
		{97D32A49-994C-44C5-A167-51E71D173B6F} = {8168608C-C1D7-4C47-885C-15F1124ECE83}
		{69A9CD28-39CE-415E-8150-A4A876E708FD} = {D222EF92-A1AB-47B7-85BF-475E2B8ED50D}
		{B345591A-DDCB-4D30-92B3-C92D5EB8EE41} = {8168608C-C1D7-4C47-885C-15F1124ECE83}
		{EB41A07D-2389-46A2-9DC0-02D5C1AA52CD} = {8168608C-C1D7-4C47-885C-15F1124ECE83}
		{BAAC29D5-C3AC-4C11-AA11-421649EB0700} = {8168608C-C1D7-4C47-885C-15F1124ECE83}
		{F052C31F-1617-4D4E-91F1-2884672FC173} = {1C0F533D-EF44-4AA3-9A14-ED627F2E7355}
		{B3855974-FA12-4821-86AE-5A97963FD894} = {8168608C-C1D7-4C47-885C-15F1124ECE83}
		{9E3EE0CB-8AAF-40E0-99AE-914B16C80D34} = {E3CCBD7B-4C47-4880-BF15-74AE7356FCB2}
	EndGlobalSection
	GlobalSection(ExtensibilityGlobals) = postSolution
		SolutionGuid = {AB40D0C5-E3EA-4A9B-86C2-38F0BB33FC04}
	EndGlobalSection
EndGlobal
